
Microsoft Visual Studio Solution File, Format Version 12.00
# Visual Studio Version 16
VisualStudioVersion = 16.0.30611.23
MinimumVisualStudioVersion = 10.0.40219.1
Project("{FAE04EC0-301F-11D3-BF4B-00C04F79EFBC}") = "Updater", "Updater\Updater.csproj", "{8AA769D0-C65A-411E-8693-D1AD878D07EA}"
EndProject
Global
	GlobalSection(SolutionConfigurationPlatforms) = preSolution
		Debug|Any CPU = Debug|Any CPU
		Release|Any CPU = Release|Any CPU
	EndGlobalSection
	GlobalSection(ProjectConfigurationPlatforms) = postSolution
		{8AA769D0-C65A-411E-8693-D1AD878D07EA}.Debug|Any CPU.ActiveCfg = Debug|Any CPU
		{8AA769D0-C65A-411E-8693-D1AD878D07EA}.Debug|Any CPU.Build.0 = Debug|Any CPU
		{8AA769D0-C65A-411E-8693-D1AD878D07EA}.Release|Any CPU.ActiveCfg = Release|Any CPU
		{8AA769D0-C65A-411E-8693-D1AD878D07EA}.Release|Any CPU.Build.0 = Release|Any CPU
	EndGlobalSection
	GlobalSection(SolutionProperties) = preSolution
		HideSolutionNode = FALSE
	EndGlobalSection
	GlobalSection(ExtensibilityGlobals) = postSolution
		SolutionGuid = {413D2371-8588-4672-9F0D-6532D6C461A7}
	EndGlobalSection
EndGlobal
