
Microsoft Visual Studio Solution File, Format Version 12.00
# Visual Studio Version 17
VisualStudioVersion = 17.0.31912.275
MinimumVisualStudioVersion = 10.0.40219.1
Project("{FAE04EC0-301F-11D3-BF4B-00C04F79EFBC}") = "Battle Cats save editor", "Battle Cats save editor\Battle Cats save editor.csproj", "{328426EC-D213-4E85-A967-FF238572FDC2}"
EndProject
Global
	GlobalSection(SolutionConfigurationPlatforms) = preSolution
		Debug|Any CPU = Debug|Any CPU
		Release|Any CPU = Release|Any CPU
	EndGlobalSection
	GlobalSection(ProjectConfigurationPlatforms) = postSolution
		{328426EC-D213-4E85-A967-FF238572FDC2}.Debug|Any CPU.ActiveCfg = Debug|Any CPU
		{328426EC-D213-4E85-A967-FF238572FDC2}.Debug|Any CPU.Build.0 = Debug|Any CPU
		{328426EC-D213-4E85-A967-FF238572FDC2}.Release|Any CPU.ActiveCfg = Release|Any CPU
		{328426EC-D213-4E85-A967-FF238572FDC2}.Release|Any CPU.Build.0 = Release|Any CPU
	EndGlobalSection
	GlobalSection(SolutionProperties) = preSolution
		HideSolutionNode = FALSE
	EndGlobalSection
	GlobalSection(ExtensibilityGlobals) = postSolution
		SolutionGuid = {B1CDE157-C0A9-40D6-A68E-B9076BE69938}
	EndGlobalSection
EndGlobal
